
Microsoft Visual Studio Solution File, Format Version 12.00
# Visual Studio Version 17
VisualStudioVersion = 17.0.32112.339
MinimumVisualStudioVersion = 10.0.40219.1
Project("{9A19103F-16F7-4668-BE54-9A1E7A4F7556}") = "Workaround", "Workaround\Workaround.csproj", "{E0D8ECF9-06CC-496E-929E-276518DB097A}"
EndProject
Project("{FAE04EC0-301F-11D3-BF4B-00C04F79EFBC}") = "Entities", "Entities\Entities.csproj", "{8DB2163F-0102-452C-9040-41BEC9D32C10}"
EndProject
Project("{FAE04EC0-301F-11D3-BF4B-00C04F79EFBC}") = "Business", "Business\Business.csproj", "{4BA6DE7C-A2D5-4188-8392-EF775CAD1F9A}"
EndProject
Global
	GlobalSection(SolutionConfigurationPlatforms) = preSolution
		Debug|Any CPU = Debug|Any CPU
		Release|Any CPU = Release|Any CPU
	EndGlobalSection
	GlobalSection(ProjectConfigurationPlatforms) = postSolution
		{E0D8ECF9-06CC-496E-929E-276518DB097A}.Debug|Any CPU.ActiveCfg = Debug|Any CPU
		{E0D8ECF9-06CC-496E-929E-276518DB097A}.Debug|Any CPU.Build.0 = Debug|Any CPU
		{E0D8ECF9-06CC-496E-929E-276518DB097A}.Release|Any CPU.ActiveCfg = Release|Any CPU
		{E0D8ECF9-06CC-496E-929E-276518DB097A}.Release|Any CPU.Build.0 = Release|Any CPU
		{8DB2163F-0102-452C-9040-41BEC9D32C10}.Debug|Any CPU.ActiveCfg = Debug|Any CPU
		{8DB2163F-0102-452C-9040-41BEC9D32C10}.Debug|Any CPU.Build.0 = Debug|Any CPU
		{8DB2163F-0102-452C-9040-41BEC9D32C10}.Release|Any CPU.ActiveCfg = Release|Any CPU
		{8DB2163F-0102-452C-9040-41BEC9D32C10}.Release|Any CPU.Build.0 = Release|Any CPU
		{4BA6DE7C-A2D5-4188-8392-EF775CAD1F9A}.Debug|Any CPU.ActiveCfg = Debug|Any CPU
		{4BA6DE7C-A2D5-4188-8392-EF775CAD1F9A}.Debug|Any CPU.Build.0 = Debug|Any CPU
		{4BA6DE7C-A2D5-4188-8392-EF775CAD1F9A}.Release|Any CPU.ActiveCfg = Release|Any CPU
		{4BA6DE7C-A2D5-4188-8392-EF775CAD1F9A}.Release|Any CPU.Build.0 = Release|Any CPU
	EndGlobalSection
	GlobalSection(SolutionProperties) = preSolution
		HideSolutionNode = FALSE
	EndGlobalSection
	GlobalSection(ExtensibilityGlobals) = postSolution
		SolutionGuid = {69649529-88D0-43A0-A279-BD5DBAF2CF11}
	EndGlobalSection
EndGlobal
